uuid: 7e4ea206-3afe-41d1-84aa-806f43ff600b
langcode: zh-hans
status: true
dependencies:
  config:
    - block_content.type.carousel_block
  module:
    - content_translation
third_party_settings:
  content_translation:
    enabled: true
    bundle_settings:
      untranslatable_fields_hide: '0'
id: block_content.carousel_block
target_entity_type_id: block_content
target_bundle: carousel_block
default_langcode: site_default
language_alterable: false
